// !$*UTF8*$!
{
	archiveVersion = 1;
	classes = {
	};
	objectVersion = 48;
	objects = {

/* Begin PBXBuildFile section */
		08662CEC889FCFBF5EDC6827 /* Pods_Mister_XUITests.framework in Frameworks */ = {isa = PBXBuildFile; fileRef = D0C7DC71D20270D562C9096E /* Pods_Mister_XUITests.framework */; };
		8405E2EC1FBE07FF0098AA3C /* ViewControllerBeitreten.swift in Sources */ = {isa = PBXBuildFile; fileRef = 8405E2EB1FBE07FF0098AA3C /* ViewControllerBeitreten.swift */; };
		844CF3761FB5F452006AAFF9 /* LaunchScreen.storyboard in Resources */ = {isa = PBXBuildFile; fileRef = 844CF3741FB5F451006AAFF9 /* LaunchScreen.storyboard */; };
		844CF3791FB621B5006AAFF9 /* ViewControllerKarte.swift in Sources */ = {isa = PBXBuildFile; fileRef = 844CF3781FB621B5006AAFF9 /* ViewControllerKarte.swift */; };
		846984301FBE3CCF0020B7B3 /* ScannerViewController.swift in Sources */ = {isa = PBXBuildFile; fileRef = 8469842F1FBE3CCF0020B7B3 /* ScannerViewController.swift */; };
		847D59AF1FB4DC4900B4040B /* MapKit.framework in Frameworks */ = {isa = PBXBuildFile; fileRef = 847D59AE1FB4DC4000B4040B /* MapKit.framework */; };
		847D59C31FB5DA7500B4040B /* Assets.xcassets in Resources */ = {isa = PBXBuildFile; fileRef = 847D59BA1FB5DA7500B4040B /* Assets.xcassets */; };
		847D59C51FB5DA7600B4040B /* ViewControllerChat.swift in Sources */ = {isa = PBXBuildFile; fileRef = 847D59BC1FB5DA7500B4040B /* ViewControllerChat.swift */; };
		847D59C61FB5DA7600B4040B /* ViewControllerEinstellungen.swift in Sources */ = {isa = PBXBuildFile; fileRef = 847D59BD1FB5DA7500B4040B /* ViewControllerEinstellungen.swift */; };
		847D59C71FB5DA7600B4040B /* Info.plist in Resources */ = {isa = PBXBuildFile; fileRef = 847D59BE1FB5DA7500B4040B /* Info.plist */; };
		847D59C81FB5DA7600B4040B /* ViewController.swift in Sources */ = {isa = PBXBuildFile; fileRef = 847D59BF1FB5DA7500B4040B /* ViewController.swift */; };
		847D59C91FB5DA7600B4040B /* ViewControllerGruppe.swift in Sources */ = {isa = PBXBuildFile; fileRef = 847D59C01FB5DA7500B4040B /* ViewControllerGruppe.swift */; };
		847D59CB1FB5DA7600B4040B /* AppDelegate.swift in Sources */ = {isa = PBXBuildFile; fileRef = 847D59C21FB5DA7500B4040B /* AppDelegate.swift */; };
		8485FE252002719800981914 /* MapFirebaseCom.swift in Sources */ = {isa = PBXBuildFile; fileRef = 8485FE242002719800981914 /* MapFirebaseCom.swift */; };
		84A2E5D51FDAAB2D00ECE5E3 /* Main.storyboard in Resources */ = {isa = PBXBuildFile; fileRef = 84A2E5D41FDAAB2D00ECE5E3 /* Main.storyboard */; };
		84BF47A81FC22CAF0016592F /* TutorialViewController.swift in Sources */ = {isa = PBXBuildFile; fileRef = 84BF47A71FC22CAF0016592F /* TutorialViewController.swift */; };
		84BF47AA1FC233190016592F /* TutorialPageViewController.swift in Sources */ = {isa = PBXBuildFile; fileRef = 84BF47A91FC233190016592F /* TutorialPageViewController.swift */; };
		84C9C1C62007F75B00F9E463 /* CopyableLabel.swift in Sources */ = {isa = PBXBuildFile; fileRef = 84C9C1C52007F75B00F9E463 /* CopyableLabel.swift */; };
		84C9C1CC20082B7600F9E463 /* OverviewController.swift in Sources */ = {isa = PBXBuildFile; fileRef = 84C9C1CB20082B7600F9E463 /* OverviewController.swift */; };
		84C9C1CE200B5EC500F9E463 /* MisterXAnnotation.swift in Sources */ = {isa = PBXBuildFile; fileRef = 84C9C1CD200B5EC500F9E463 /* MisterXAnnotation.swift */; };
		84D5E46B1FB33FA700A3D703 /* Mister_XTests.swift in Sources */ = {isa = PBXBuildFile; fileRef = 84D5E46A1FB33FA700A3D703 /* Mister_XTests.swift */; };
		84D5E4761FB33FA700A3D703 /* Mister_XUITests.swift in Sources */ = {isa = PBXBuildFile; fileRef = 84D5E4751FB33FA700A3D703 /* Mister_XUITests.swift */; };
		84FF6D721FC6126C00A7EAC7 /* GoogleService-Info.plist in Resources */ = {isa = PBXBuildFile; fileRef = 84FF6D711FC6126C00A7EAC7 /* GoogleService-Info.plist */; };
		84FF6D741FC6325000A7EAC7 /* ViewControllerAddPhoto.swift in Sources */ = {isa = PBXBuildFile; fileRef = 84FF6D731FC6325000A7EAC7 /* ViewControllerAddPhoto.swift */; };
		919E8B4918CDB447E03D0399 /* Pods_Mister_XTests.framework in Frameworks */ = {isa = PBXBuildFile; fileRef = 506B9182F292C8EE40ABCFD8 /* Pods_Mister_XTests.framework */; };
		B89795AB20050039002F02A5 /* Extensions.swift in Sources */ = {isa = PBXBuildFile; fileRef = B89795AA20050039002F02A5 /* Extensions.swift */; };
		B8F053DB1FBC6063003A102E /* PersonController.swift in Sources */ = {isa = PBXBuildFile; fileRef = B8F053DA1FBC6063003A102E /* PersonController.swift */; };
		B8F102DD20042271005F6E2D /* ViewControllerTimer.swift in Sources */ = {isa = PBXBuildFile; fileRef = B8F102DC20042271005F6E2D /* ViewControllerTimer.swift */; };
		E945A01C92C6B5FDD154621C /* Pods_Mister_X.framework in Frameworks */ = {isa = PBXBuildFile; fileRef = E1C7BB341281427D20E8E975 /* Pods_Mister_X.framework */; };
/* End PBXBuildFile section */

/* Begin PBXContainerItemProxy section */
		84D5E4671FB33FA700A3D703 /* PBXContainerItemProxy */ = {
			isa = PBXContainerItemProxy;
			containerPortal = 84D5E44A1FB33FA700A3D703 /* Project object */;
			proxyType = 1;
			remoteGlobalIDString = 84D5E4511FB33FA700A3D703;
			remoteInfo = "Mister X";
		};
		84D5E4721FB33FA700A3D703 /* PBXContainerItemProxy */ = {
			isa = PBXContainerItemProxy;
			containerPortal = 84D5E44A1FB33FA700A3D703 /* Project object */;
			proxyType = 1;
			remoteGlobalIDString = 84D5E4511FB33FA700A3D703;
			remoteInfo = "Mister X";
		};
/* End PBXContainerItemProxy section */

/* Begin PBXFileReference section */
		099C1869F3A15167CBF61788 /* Pods-Mister XTests.release.xcconfig */ = {isa = PBXFileReference; includeInIndex = 1; lastKnownFileType = text.xcconfig; name = "Pods-Mister XTests.release.xcconfig"; path = "Pods/Target Support Files/Pods-Mister XTests/Pods-Mister XTests.release.xcconfig"; sourceTree = "<group>"; };
		506B9182F292C8EE40ABCFD8 /* Pods_Mister_XTests.framework */ = {isa = PBXFileReference; explicitFileType = wrapper.framework; includeInIndex = 0; path = Pods_Mister_XTests.framework; sourceTree = BUILT_PRODUCTS_DIR; };
		6B4C56D8EDF2CEF1B6259607 /* Pods-Mister X.release.xcconfig */ = {isa = PBXFileReference; includeInIndex = 1; lastKnownFileType = text.xcconfig; name = "Pods-Mister X.release.xcconfig"; path = "Pods/Target Support Files/Pods-Mister X/Pods-Mister X.release.xcconfig"; sourceTree = "<group>"; };
		7C6736684FB84CD1A97ACB82 /* Pods-Mister X.debug.xcconfig */ = {isa = PBXFileReference; includeInIndex = 1; lastKnownFileType = text.xcconfig; name = "Pods-Mister X.debug.xcconfig"; path = "Pods/Target Support Files/Pods-Mister X/Pods-Mister X.debug.xcconfig"; sourceTree = "<group>"; };
		8405E2EB1FBE07FF0098AA3C /* ViewControllerBeitreten.swift */ = {isa = PBXFileReference; lastKnownFileType = sourcecode.swift; path = ViewControllerBeitreten.swift; sourceTree = "<group>"; };
		844CF3741FB5F451006AAFF9 /* LaunchScreen.storyboard */ = {isa = PBXFileReference; fileEncoding = 4; lastKnownFileType = file.storyboard; path = LaunchScreen.storyboard; sourceTree = "<group>"; };
		844CF3781FB621B5006AAFF9 /* ViewControllerKarte.swift */ = {isa = PBXFileReference; lastKnownFileType = sourcecode.swift; path = ViewControllerKarte.swift; sourceTree = "<group>"; };
		8469842F1FBE3CCF0020B7B3 /* ScannerViewController.swift */ = {isa = PBXFileReference; lastKnownFileType = sourcecode.swift; path = ScannerViewController.swift; sourceTree = "<group>"; };
		847D59AE1FB4DC4000B4040B /* MapKit.framework */ = {isa = PBXFileReference; lastKnownFileType = wrapper.framework; name = MapKit.framework; path = System/Library/Frameworks/MapKit.framework; sourceTree = SDKROOT; };
		847D59BA1FB5DA7500B4040B /* Assets.xcassets */ = {isa = PBXFileReference; lastKnownFileType = folder.assetcatalog; path = Assets.xcassets; sourceTree = "<group>"; };
		847D59BC1FB5DA7500B4040B /* ViewControllerChat.swift */ = {isa = PBXFileReference; fileEncoding = 4; lastKnownFileType = sourcecode.swift; path = ViewControllerChat.swift; sourceTree = "<group>"; };
		847D59BD1FB5DA7500B4040B /* ViewControllerEinstellungen.swift */ = {isa = PBXFileReference; fileEncoding = 4; lastKnownFileType = sourcecode.swift; path = ViewControllerEinstellungen.swift; sourceTree = "<group>"; };
		847D59BE1FB5DA7500B4040B /* Info.plist */ = {isa = PBXFileReference; fileEncoding = 4; lastKnownFileType = text.plist.xml; path = Info.plist; sourceTree = "<group>"; };
		847D59BF1FB5DA7500B4040B /* ViewController.swift */ = {isa = PBXFileReference; fileEncoding = 4; lastKnownFileType = sourcecode.swift; path = ViewController.swift; sourceTree = "<group>"; };
		847D59C01FB5DA7500B4040B /* ViewControllerGruppe.swift */ = {isa = PBXFileReference; fileEncoding = 4; lastKnownFileType = sourcecode.swift; path = ViewControllerGruppe.swift; sourceTree = "<group>"; };
		847D59C21FB5DA7500B4040B /* AppDelegate.swift */ = {isa = PBXFileReference; fileEncoding = 4; lastKnownFileType = sourcecode.swift; path = AppDelegate.swift; sourceTree = "<group>"; };
		8485FE242002719800981914 /* MapFirebaseCom.swift */ = {isa = PBXFileReference; lastKnownFileType = sourcecode.swift; path = MapFirebaseCom.swift; sourceTree = "<group>"; };
		84A2E5D41FDAAB2D00ECE5E3 /* Main.storyboard */ = {isa = PBXFileReference; fileEncoding = 4; lastKnownFileType = file.storyboard; path = Main.storyboard; sourceTree = "<group>"; };
		84BF47A71FC22CAF0016592F /* TutorialViewController.swift */ = {isa = PBXFileReference; lastKnownFileType = sourcecode.swift; path = TutorialViewController.swift; sourceTree = "<group>"; };
		84BF47A91FC233190016592F /* TutorialPageViewController.swift */ = {isa = PBXFileReference; lastKnownFileType = sourcecode.swift; path = TutorialPageViewController.swift; sourceTree = "<group>"; };
		84C9C1C52007F75B00F9E463 /* CopyableLabel.swift */ = {isa = PBXFileReference; lastKnownFileType = sourcecode.swift; path = CopyableLabel.swift; sourceTree = "<group>"; };
		84C9C1CB20082B7600F9E463 /* OverviewController.swift */ = {isa = PBXFileReference; lastKnownFileType = sourcecode.swift; path = OverviewController.swift; sourceTree = "<group>"; };
		84C9C1CD200B5EC500F9E463 /* MisterXAnnotation.swift */ = {isa = PBXFileReference; lastKnownFileType = sourcecode.swift; path = MisterXAnnotation.swift; sourceTree = "<group>"; };
		84D5E4521FB33FA700A3D703 /* Mister X.app */ = {isa = PBXFileReference; explicitFileType = wrapper.application; includeInIndex = 0; path = "Mister X.app"; sourceTree = BUILT_PRODUCTS_DIR; };
		84D5E4661FB33FA700A3D703 /* Mister XTests.xctest */ = {isa = PBXFileReference; explicitFileType = wrapper.cfbundle; includeInIndex = 0; path = "Mister XTests.xctest"; sourceTree = BUILT_PRODUCTS_DIR; };
		84D5E46A1FB33FA700A3D703 /* Mister_XTests.swift */ = {isa = PBXFileReference; lastKnownFileType = sourcecode.swift; path = Mister_XTests.swift; sourceTree = "<group>"; };
		84D5E46C1FB33FA700A3D703 /* Info.plist */ = {isa = PBXFileReference; lastKnownFileType = text.plist.xml; path = Info.plist; sourceTree = "<group>"; };
		84D5E4711FB33FA700A3D703 /* Mister XUITests.xctest */ = {isa = PBXFileReference; explicitFileType = wrapper.cfbundle; includeInIndex = 0; path = "Mister XUITests.xctest"; sourceTree = BUILT_PRODUCTS_DIR; };
		84D5E4751FB33FA700A3D703 /* Mister_XUITests.swift */ = {isa = PBXFileReference; lastKnownFileType = sourcecode.swift; path = Mister_XUITests.swift; sourceTree = "<group>"; };
		84D5E4771FB33FA700A3D703 /* Info.plist */ = {isa = PBXFileReference; lastKnownFileType = text.plist.xml; path = Info.plist; sourceTree = "<group>"; };
		84FF6D711FC6126C00A7EAC7 /* GoogleService-Info.plist */ = {isa = PBXFileReference; fileEncoding = 4; lastKnownFileType = text.plist.xml; path = "GoogleService-Info.plist"; sourceTree = "<group>"; };
		84FF6D731FC6325000A7EAC7 /* ViewControllerAddPhoto.swift */ = {isa = PBXFileReference; lastKnownFileType = sourcecode.swift; path = ViewControllerAddPhoto.swift; sourceTree = "<group>"; };
		AC8F726F846C8AE3BBC277D7 /* Pods-Mister XUITests.release.xcconfig */ = {isa = PBXFileReference; includeInIndex = 1; lastKnownFileType = text.xcconfig; name = "Pods-Mister XUITests.release.xcconfig"; path = "Pods/Target Support Files/Pods-Mister XUITests/Pods-Mister XUITests.release.xcconfig"; sourceTree = "<group>"; };
		B89795AA20050039002F02A5 /* Extensions.swift */ = {isa = PBXFileReference; lastKnownFileType = sourcecode.swift; path = Extensions.swift; sourceTree = "<group>"; };
		B8CD78C3200641E0005BE60A /* Mister X.entitlements */ = {isa = PBXFileReference; lastKnownFileType = text.plist.entitlements; path = "Mister X.entitlements"; sourceTree = "<group>"; };
		B8F053DA1FBC6063003A102E /* PersonController.swift */ = {isa = PBXFileReference; fileEncoding = 4; lastKnownFileType = sourcecode.swift; path = PersonController.swift; sourceTree = "<group>"; };
		B8F102DC20042271005F6E2D /* ViewControllerTimer.swift */ = {isa = PBXFileReference; lastKnownFileType = sourcecode.swift; path = ViewControllerTimer.swift; sourceTree = "<group>"; };
		D0C7DC71D20270D562C9096E /* Pods_Mister_XUITests.framework */ = {isa = PBXFileReference; explicitFileType = wrapper.framework; includeInIndex = 0; path = Pods_Mister_XUITests.framework; sourceTree = BUILT_PRODUCTS_DIR; };
		E1C7BB341281427D20E8E975 /* Pods_Mister_X.framework */ = {isa = PBXFileReference; explicitFileType = wrapper.framework; includeInIndex = 0; path = Pods_Mister_X.framework; sourceTree = BUILT_PRODUCTS_DIR; };
		FD7F065841B36AD7D30A2061 /* Pods-Mister XUITests.debug.xcconfig */ = {isa = PBXFileReference; includeInIndex = 1; lastKnownFileType = text.xcconfig; name = "Pods-Mister XUITests.debug.xcconfig"; path = "Pods/Target Support Files/Pods-Mister XUITests/Pods-Mister XUITests.debug.xcconfig"; sourceTree = "<group>"; };
		FFA331BA03EAD5FEFDD76A7A /* Pods-Mister XTests.debug.xcconfig */ = {isa = PBXFileReference; includeInIndex = 1; lastKnownFileType = text.xcconfig; name = "Pods-Mister XTests.debug.xcconfig"; path = "Pods/Target Support Files/Pods-Mister XTests/Pods-Mister XTests.debug.xcconfig"; sourceTree = "<group>"; };
/* End PBXFileReference section */

/* Begin PBXFrameworksBuildPhase section */
		84D5E44F1FB33FA700A3D703 /* Frameworks */ = {
			isa = PBXFrameworksBuildPhase;
			buildActionMask = 2147483647;
			files = (
				847D59AF1FB4DC4900B4040B /* MapKit.framework in Frameworks */,
				E945A01C92C6B5FDD154621C /* Pods_Mister_X.framework in Frameworks */,
			);
			runOnlyForDeploymentPostprocessing = 0;
		};
		84D5E4631FB33FA700A3D703 /* Frameworks */ = {
			isa = PBXFrameworksBuildPhase;
			buildActionMask = 2147483647;
			files = (
				919E8B4918CDB447E03D0399 /* Pods_Mister_XTests.framework in Frameworks */,
			);
			runOnlyForDeploymentPostprocessing = 0;
		};
		84D5E46E1FB33FA700A3D703 /* Frameworks */ = {
			isa = PBXFrameworksBuildPhase;
			buildActionMask = 2147483647;
			files = (
				08662CEC889FCFBF5EDC6827 /* Pods_Mister_XUITests.framework in Frameworks */,
			);
			runOnlyForDeploymentPostprocessing = 0;
		};
/* End PBXFrameworksBuildPhase section */

/* Begin PBXGroup section */
		847D59AD1FB4DC4000B4040B /* Frameworks */ = {
			isa = PBXGroup;
			children = (
				847D59AE1FB4DC4000B4040B /* MapKit.framework */,
				E1C7BB341281427D20E8E975 /* Pods_Mister_X.framework */,
				506B9182F292C8EE40ABCFD8 /* Pods_Mister_XTests.framework */,
				D0C7DC71D20270D562C9096E /* Pods_Mister_XUITests.framework */,
			);
			name = Frameworks;
			sourceTree = "<group>";
		};
		84D5E4491FB33FA700A3D703 = {
			isa = PBXGroup;
			children = (
				84D5E4541FB33FA700A3D703 /* Mister X */,
				84D5E4691FB33FA700A3D703 /* Mister XTests */,
				84D5E4741FB33FA700A3D703 /* Mister XUITests */,
				84D5E4531FB33FA700A3D703 /* Products */,
				847D59AD1FB4DC4000B4040B /* Frameworks */,
				E8FD8EB733391748C2091A9B /* Pods */,
			);
			sourceTree = "<group>";
		};
		84D5E4531FB33FA700A3D703 /* Products */ = {
			isa = PBXGroup;
			children = (
				84D5E4521FB33FA700A3D703 /* Mister X.app */,
				84D5E4661FB33FA700A3D703 /* Mister XTests.xctest */,
				84D5E4711FB33FA700A3D703 /* Mister XUITests.xctest */,
			);
			name = Products;
			sourceTree = "<group>";
		};
		84D5E4541FB33FA700A3D703 /* Mister X */ = {
			isa = PBXGroup;
			children = (
				B8CD78C3200641E0005BE60A /* Mister X.entitlements */,
				84A2E5D41FDAAB2D00ECE5E3 /* Main.storyboard */,
				84FF6D711FC6126C00A7EAC7 /* GoogleService-Info.plist */,
				847D59C21FB5DA7500B4040B /* AppDelegate.swift */,
				847D59BA1FB5DA7500B4040B /* Assets.xcassets */,
				847D59BE1FB5DA7500B4040B /* Info.plist */,
				844CF3741FB5F451006AAFF9 /* LaunchScreen.storyboard */,
				B8F053DA1FBC6063003A102E /* PersonController.swift */,
				847D59BF1FB5DA7500B4040B /* ViewController.swift */,
				847D59BC1FB5DA7500B4040B /* ViewControllerChat.swift */,
				84FF6D731FC6325000A7EAC7 /* ViewControllerAddPhoto.swift */,
				847D59BD1FB5DA7500B4040B /* ViewControllerEinstellungen.swift */,
				847D59C01FB5DA7500B4040B /* ViewControllerGruppe.swift */,
				844CF3781FB621B5006AAFF9 /* ViewControllerKarte.swift */,
				8405E2EB1FBE07FF0098AA3C /* ViewControllerBeitreten.swift */,
				8469842F1FBE3CCF0020B7B3 /* ScannerViewController.swift */,
				84BF47A71FC22CAF0016592F /* TutorialViewController.swift */,
				B8F102DC20042271005F6E2D /* ViewControllerTimer.swift */,
				B89795AA20050039002F02A5 /* Extensions.swift */,
				84BF47A91FC233190016592F /* TutorialPageViewController.swift */,
				8485FE242002719800981914 /* MapFirebaseCom.swift */,
				84C9C1C52007F75B00F9E463 /* CopyableLabel.swift */,
				84C9C1CB20082B7600F9E463 /* OverviewController.swift */,
				84C9C1CD200B5EC500F9E463 /* MisterXAnnotation.swift */,
			);
			path = "Mister X";
			sourceTree = "<group>";
		};
		84D5E4691FB33FA700A3D703 /* Mister XTests */ = {
			isa = PBXGroup;
			children = (
				84D5E46A1FB33FA700A3D703 /* Mister_XTests.swift */,
				84D5E46C1FB33FA700A3D703 /* Info.plist */,
			);
			path = "Mister XTests";
			sourceTree = "<group>";
		};
		84D5E4741FB33FA700A3D703 /* Mister XUITests */ = {
			isa = PBXGroup;
			children = (
				84D5E4751FB33FA700A3D703 /* Mister_XUITests.swift */,
				84D5E4771FB33FA700A3D703 /* Info.plist */,
			);
			path = "Mister XUITests";
			sourceTree = "<group>";
		};
		E8FD8EB733391748C2091A9B /* Pods */ = {
			isa = PBXGroup;
			children = (
				7C6736684FB84CD1A97ACB82 /* Pods-Mister X.debug.xcconfig */,
				6B4C56D8EDF2CEF1B6259607 /* Pods-Mister X.release.xcconfig */,
				FFA331BA03EAD5FEFDD76A7A /* Pods-Mister XTests.debug.xcconfig */,
				099C1869F3A15167CBF61788 /* Pods-Mister XTests.release.xcconfig */,
				FD7F065841B36AD7D30A2061 /* Pods-Mister XUITests.debug.xcconfig */,
				AC8F726F846C8AE3BBC277D7 /* Pods-Mister XUITests.release.xcconfig */,
			);
			name = Pods;
			sourceTree = "<group>";
		};
/* End PBXGroup section */

/* Begin PBXNativeTarget section */
		84D5E4511FB33FA700A3D703 /* Mister X */ = {
			isa = PBXNativeTarget;
			buildConfigurationList = 84D5E47A1FB33FA700A3D703 /* Build configuration list for PBXNativeTarget "Mister X" */;
			buildPhases = (
				D6D18F407428E1F755979D86 /* [CP] Check Pods Manifest.lock */,
				84D5E44E1FB33FA700A3D703 /* Sources */,
				84D5E44F1FB33FA700A3D703 /* Frameworks */,
				84D5E4501FB33FA700A3D703 /* Resources */,
				2AC3754A1BE8E9A7431F08A5 /* [CP] Embed Pods Frameworks */,
				542346BE043F922979AB9215 /* [CP] Copy Pods Resources */,
			);
			buildRules = (
			);
			dependencies = (
			);
			name = "Mister X";
			productName = "Mister X";
			productReference = 84D5E4521FB33FA700A3D703 /* Mister X.app */;
			productType = "com.apple.product-type.application";
		};
		84D5E4651FB33FA700A3D703 /* Mister XTests */ = {
			isa = PBXNativeTarget;
			buildConfigurationList = 84D5E47D1FB33FA700A3D703 /* Build configuration list for PBXNativeTarget "Mister XTests" */;
			buildPhases = (
				24C2B4F2402D7F858BEC0F64 /* [CP] Check Pods Manifest.lock */,
				84D5E4621FB33FA700A3D703 /* Sources */,
				84D5E4631FB33FA700A3D703 /* Frameworks */,
				84D5E4641FB33FA700A3D703 /* Resources */,
				303A7904F4EBA7EDDB75E4C7 /* [CP] Embed Pods Frameworks */,
				93D71BA1ED6974324CB5B796 /* [CP] Copy Pods Resources */,
			);
			buildRules = (
			);
			dependencies = (
				84D5E4681FB33FA700A3D703 /* PBXTargetDependency */,
			);
			name = "Mister XTests";
			productName = "Mister XTests";
			productReference = 84D5E4661FB33FA700A3D703 /* Mister XTests.xctest */;
			productType = "com.apple.product-type.bundle.unit-test";
		};
		84D5E4701FB33FA700A3D703 /* Mister XUITests */ = {
			isa = PBXNativeTarget;
			buildConfigurationList = 84D5E4801FB33FA700A3D703 /* Build configuration list for PBXNativeTarget "Mister XUITests" */;
			buildPhases = (
				68A6AB9E1BD744CF7974D95E /* [CP] Check Pods Manifest.lock */,
				84D5E46D1FB33FA700A3D703 /* Sources */,
				84D5E46E1FB33FA700A3D703 /* Frameworks */,
				84D5E46F1FB33FA700A3D703 /* Resources */,
				DA47AD891C8FF86C97BB8DEB /* [CP] Embed Pods Frameworks */,
				EAB1D61192CD4D7EBBC60491 /* [CP] Copy Pods Resources */,
			);
			buildRules = (
			);
			dependencies = (
				84D5E4731FB33FA700A3D703 /* PBXTargetDependency */,
			);
			name = "Mister XUITests";
			productName = "Mister XUITests";
			productReference = 84D5E4711FB33FA700A3D703 /* Mister XUITests.xctest */;
			productType = "com.apple.product-type.bundle.ui-testing";
		};
/* End PBXNativeTarget section */

/* Begin PBXProject section */
		84D5E44A1FB33FA700A3D703 /* Project object */ = {
			isa = PBXProject;
			attributes = {
				LastSwiftUpdateCheck = 0900;
				LastUpgradeCheck = 0900;
				ORGANIZATIONNAME = Praktikum;
				TargetAttributes = {
					84D5E4511FB33FA700A3D703 = {
						CreatedOnToolsVersion = 9.0.1;
						LastSwiftMigration = 0900;
						ProvisioningStyle = Automatic;
						SystemCapabilities = {
							com.apple.Push = {
								enabled = 0;
							};
						};
					};
					84D5E4651FB33FA700A3D703 = {
						CreatedOnToolsVersion = 9.0.1;
						ProvisioningStyle = Automatic;
						TestTargetID = 84D5E4511FB33FA700A3D703;
					};
					84D5E4701FB33FA700A3D703 = {
						CreatedOnToolsVersion = 9.0.1;
						ProvisioningStyle = Automatic;
						TestTargetID = 84D5E4511FB33FA700A3D703;
					};
				};
			};
			buildConfigurationList = 84D5E44D1FB33FA700A3D703 /* Build configuration list for PBXProject "Mister X" */;
			compatibilityVersion = "Xcode 8.0";
			developmentRegion = en;
			hasScannedForEncodings = 0;
			knownRegions = (
				en,
				Base,
			);
			mainGroup = 84D5E4491FB33FA700A3D703;
			productRefGroup = 84D5E4531FB33FA700A3D703 /* Products */;
			projectDirPath = "";
			projectRoot = "";
			targets = (
				84D5E4511FB33FA700A3D703 /* Mister X */,
				84D5E4651FB33FA700A3D703 /* Mister XTests */,
				84D5E4701FB33FA700A3D703 /* Mister XUITests */,
			);
		};
/* End PBXProject section */

/* Begin PBXResourcesBuildPhase section */
		84D5E4501FB33FA700A3D703 /* Resources */ = {
			isa = PBXResourcesBuildPhase;
			buildActionMask = 2147483647;
			files = (
				844CF3761FB5F452006AAFF9 /* LaunchScreen.storyboard in Resources */,
				84A2E5D51FDAAB2D00ECE5E3 /* Main.storyboard in Resources */,
				847D59C31FB5DA7500B4040B /* Assets.xcassets in Resources */,
				84FF6D721FC6126C00A7EAC7 /* GoogleService-Info.plist in Resources */,
				847D59C71FB5DA7600B4040B /* Info.plist in Resources */,
			);
			runOnlyForDeploymentPostprocessing = 0;
		};
		84D5E4641FB33FA700A3D703 /* Resources */ = {
			isa = PBXResourcesBuildPhase;
			buildActionMask = 2147483647;
			files = (
			);
			runOnlyForDeploymentPostprocessing = 0;
		};
		84D5E46F1FB33FA700A3D703 /* Resources */ = {
			isa = PBXResourcesBuildPhase;
			buildActionMask = 2147483647;
			files = (
			);
			runOnlyForDeploymentPostprocessing = 0;
		};
/* End PBXResourcesBuildPhase section */

/* Begin PBXShellScriptBuildPhase section */
		24C2B4F2402D7F858BEC0F64 /* [CP] Check Pods Manifest.lock */ = {
			isa = PBXShellScriptBuildPhase;
			buildActionMask = 2147483647;
			files = (
			);
			inputPaths = (
				"${PODS_PODFILE_DIR_PATH}/Podfile.lock",
				"${PODS_ROOT}/Manifest.lock",
			);
			name = "[CP] Check Pods Manifest.lock";
			outputPaths = (
				"$(DERIVED_FILE_DIR)/Pods-Mister XTests-checkManifestLockResult.txt",
			);
			runOnlyForDeploymentPostprocessing = 0;
			shellPath = /bin/sh;
			shellScript = "diff \"${PODS_PODFILE_DIR_PATH}/Podfile.lock\" \"${PODS_ROOT}/Manifest.lock\" > /dev/null\nif [ $? != 0 ] ; then\n    # print error to STDERR\n    echo \"error: The sandbox is not in sync with the Podfile.lock. Run 'pod install' or update your CocoaPods installation.\" >&2\n    exit 1\nfi\n# This output is used by Xcode 'outputs' to avoid re-running this script phase.\necho \"SUCCESS\" > \"${SCRIPT_OUTPUT_FILE_0}\"\n";
			showEnvVarsInLog = 0;
		};
		2AC3754A1BE8E9A7431F08A5 /* [CP] Embed Pods Frameworks */ = {
			isa = PBXShellScriptBuildPhase;
			buildActionMask = 2147483647;
			files = (
			);
			inputPaths = (
				"${SRCROOT}/Pods/Target Support Files/Pods-Mister X/Pods-Mister X-frameworks.sh",
				"${BUILT_PRODUCTS_DIR}/GTMSessionFetcher/GTMSessionFetcher.framework",
				"${BUILT_PRODUCTS_DIR}/GoogleToolboxForMac/GoogleToolboxForMac.framework",
				"${BUILT_PRODUCTS_DIR}/JSQMessagesViewController/JSQMessagesViewController.framework",
				"${BUILT_PRODUCTS_DIR}/JSQSystemSoundPlayer/JSQSystemSoundPlayer.framework",
				"${BUILT_PRODUCTS_DIR}/Protobuf/Protobuf.framework",
				"${BUILT_PRODUCTS_DIR}/leveldb-library/leveldb.framework",
				"${BUILT_PRODUCTS_DIR}/nanopb/nanopb.framework",
			);
			name = "[CP] Embed Pods Frameworks";
			outputPaths = (
				"${TARGET_BUILD_DIR}/${FRAMEWORKS_FOLDER_PATH}/GTMSessionFetcher.framework",
				"${TARGET_BUILD_DIR}/${FRAMEWORKS_FOLDER_PATH}/GoogleToolboxForMac.framework",
				"${TARGET_BUILD_DIR}/${FRAMEWORKS_FOLDER_PATH}/JSQMessagesViewController.framework",
				"${TARGET_BUILD_DIR}/${FRAMEWORKS_FOLDER_PATH}/JSQSystemSoundPlayer.framework",
				"${TARGET_BUILD_DIR}/${FRAMEWORKS_FOLDER_PATH}/Protobuf.framework",
				"${TARGET_BUILD_DIR}/${FRAMEWORKS_FOLDER_PATH}/leveldb.framework",
				"${TARGET_BUILD_DIR}/${FRAMEWORKS_FOLDER_PATH}/nanopb.framework",
			);
			runOnlyForDeploymentPostprocessing = 0;
			shellPath = /bin/sh;
			shellScript = "\"${SRCROOT}/Pods/Target Support Files/Pods-Mister X/Pods-Mister X-frameworks.sh\"\n";
			showEnvVarsInLog = 0;
		};
		303A7904F4EBA7EDDB75E4C7 /* [CP] Embed Pods Frameworks */ = {
			isa = PBXShellScriptBuildPhase;
			buildActionMask = 2147483647;
			files = (
			);
			inputPaths = (
			);
			name = "[CP] Embed Pods Frameworks";
			outputPaths = (
			);
			runOnlyForDeploymentPostprocessing = 0;
			shellPath = /bin/sh;
			shellScript = "\"${SRCROOT}/Pods/Target Support Files/Pods-Mister XTests/Pods-Mister XTests-frameworks.sh\"\n";
			showEnvVarsInLog = 0;
		};
		542346BE043F922979AB9215 /* [CP] Copy Pods Resources */ = {
			isa = PBXShellScriptBuildPhase;
			buildActionMask = 2147483647;
			files = (
			);
			inputPaths = (
			);
			name = "[CP] Copy Pods Resources";
			outputPaths = (
			);
			runOnlyForDeploymentPostprocessing = 0;
			shellPath = /bin/sh;
			shellScript = "\"${SRCROOT}/Pods/Target Support Files/Pods-Mister X/Pods-Mister X-resources.sh\"\n";
			showEnvVarsInLog = 0;
		};
		68A6AB9E1BD744CF7974D95E /* [CP] Check Pods Manifest.lock */ = {
			isa = PBXShellScriptBuildPhase;
			buildActionMask = 2147483647;
			files = (
			);
			inputPaths = (
				"${PODS_PODFILE_DIR_PATH}/Podfile.lock",
				"${PODS_ROOT}/Manifest.lock",
			);
			name = "[CP] Check Pods Manifest.lock";
			outputPaths = (
				"$(DERIVED_FILE_DIR)/Pods-Mister XUITests-checkManifestLockResult.txt",
			);
			runOnlyForDeploymentPostprocessing = 0;
			shellPath = /bin/sh;
			shellScript = "diff \"${PODS_PODFILE_DIR_PATH}/Podfile.lock\" \"${PODS_ROOT}/Manifest.lock\" > /dev/null\nif [ $? != 0 ] ; then\n    # print error to STDERR\n    echo \"error: The sandbox is not in sync with the Podfile.lock. Run 'pod install' or update your CocoaPods installation.\" >&2\n    exit 1\nfi\n# This output is used by Xcode 'outputs' to avoid re-running this script phase.\necho \"SUCCESS\" > \"${SCRIPT_OUTPUT_FILE_0}\"\n";
			showEnvVarsInLog = 0;
		};
		93D71BA1ED6974324CB5B796 /* [CP] Copy Pods Resources */ = {
			isa = PBXShellScriptBuildPhase;
			buildActionMask = 2147483647;
			files = (
			);
			inputPaths = (
			);
			name = "[CP] Copy Pods Resources";
			outputPaths = (
			);
			runOnlyForDeploymentPostprocessing = 0;
			shellPath = /bin/sh;
			shellScript = "\"${SRCROOT}/Pods/Target Support Files/Pods-Mister XTests/Pods-Mister XTests-resources.sh\"\n";
			showEnvVarsInLog = 0;
		};
		D6D18F407428E1F755979D86 /* [CP] Check Pods Manifest.lock */ = {
			isa = PBXShellScriptBuildPhase;
			buildActionMask = 2147483647;
			files = (
			);
			inputPaths = (
				"${PODS_PODFILE_DIR_PATH}/Podfile.lock",
				"${PODS_ROOT}/Manifest.lock",
			);
			name = "[CP] Check Pods Manifest.lock";
			outputPaths = (
				"$(DERIVED_FILE_DIR)/Pods-Mister X-checkManifestLockResult.txt",
			);
			runOnlyForDeploymentPostprocessing = 0;
			shellPath = /bin/sh;
			shellScript = "diff \"${PODS_PODFILE_DIR_PATH}/Podfile.lock\" \"${PODS_ROOT}/Manifest.lock\" > /dev/null\nif [ $? != 0 ] ; then\n    # print error to STDERR\n    echo \"error: The sandbox is not in sync with the Podfile.lock. Run 'pod install' or update your CocoaPods installation.\" >&2\n    exit 1\nfi\n# This output is used by Xcode 'outputs' to avoid re-running this script phase.\necho \"SUCCESS\" > \"${SCRIPT_OUTPUT_FILE_0}\"\n";
			showEnvVarsInLog = 0;
		};
		DA47AD891C8FF86C97BB8DEB /* [CP] Embed Pods Frameworks */ = {
			isa = PBXShellScriptBuildPhase;
			buildActionMask = 2147483647;
			files = (
			);
			inputPaths = (
			);
			name = "[CP] Embed Pods Frameworks";
			outputPaths = (
			);
			runOnlyForDeploymentPostprocessing = 0;
			shellPath = /bin/sh;
			shellScript = "\"${SRCROOT}/Pods/Target Support Files/Pods-Mister XUITests/Pods-Mister XUITests-frameworks.sh\"\n";
			showEnvVarsInLog = 0;
		};
		EAB1D61192CD4D7EBBC60491 /* [CP] Copy Pods Resources */ = {
			isa = PBXShellScriptBuildPhase;
			buildActionMask = 2147483647;
			files = (
			);
			inputPaths = (
			);
			name = "[CP] Copy Pods Resources";
			outputPaths = (
			);
			runOnlyForDeploymentPostprocessing = 0;
			shellPath = /bin/sh;
			shellScript = "\"${SRCROOT}/Pods/Target Support Files/Pods-Mister XUITests/Pods-Mister XUITests-resources.sh\"\n";
			showEnvVarsInLog = 0;
		};
/* End PBXShellScriptBuildPhase section */

/* Begin PBXSourcesBuildPhase section */
		84D5E44E1FB33FA700A3D703 /* Sources */ = {
			isa = PBXSourcesBuildPhase;
			buildActionMask = 2147483647;
			files = (
				847D59CB1FB5DA7600B4040B /* AppDelegate.swift in Sources */,
				8405E2EC1FBE07FF0098AA3C /* ViewControllerBeitreten.swift in Sources */,
				84C9C1CC20082B7600F9E463 /* OverviewController.swift in Sources */,
				84C9C1CE200B5EC500F9E463 /* MisterXAnnotation.swift in Sources */,
				84BF47A81FC22CAF0016592F /* TutorialViewController.swift in Sources */,
				847D59C81FB5DA7600B4040B /* ViewController.swift in Sources */,
				B8F102DD20042271005F6E2D /* ViewControllerTimer.swift in Sources */,
				847D59C61FB5DA7600B4040B /* ViewControllerEinstellungen.swift in Sources */,
				846984301FBE3CCF0020B7B3 /* ScannerViewController.swift in Sources */,
				847D59C51FB5DA7600B4040B /* ViewControllerChat.swift in Sources */,
				84BF47AA1FC233190016592F /* TutorialPageViewController.swift in Sources */,
				B8F053DB1FBC6063003A102E /* PersonController.swift in Sources */,
				B89795AB20050039002F02A5 /* Extensions.swift in Sources */,
				84FF6D741FC6325000A7EAC7 /* ViewControllerAddPhoto.swift in Sources */,
				844CF3791FB621B5006AAFF9 /* ViewControllerKarte.swift in Sources */,
				84C9C1C62007F75B00F9E463 /* CopyableLabel.swift in Sources */,
				8485FE252002719800981914 /* MapFirebaseCom.swift in Sources */,
				847D59C91FB5DA7600B4040B /* ViewControllerGruppe.swift in Sources */,
			);
			runOnlyForDeploymentPostprocessing = 0;
		};
		84D5E4621FB33FA700A3D703 /* Sources */ = {
			isa = PBXSourcesBuildPhase;
			buildActionMask = 2147483647;
			files = (
				84D5E46B1FB33FA700A3D703 /* Mister_XTests.swift in Sources */,
			);
			runOnlyForDeploymentPostprocessing = 0;
		};
		84D5E46D1FB33FA700A3D703 /* Sources */ = {
			isa = PBXSourcesBuildPhase;
			buildActionMask = 2147483647;
			files = (
				84D5E4761FB33FA700A3D703 /* Mister_XUITests.swift in Sources */,
			);
			runOnlyForDeploymentPostprocessing = 0;
		};
/* End PBXSourcesBuildPhase section */

/* Begin PBXTargetDependency section */
		84D5E4681FB33FA700A3D703 /* PBXTargetDependency */ = {
			isa = PBXTargetDependency;
			target = 84D5E4511FB33FA700A3D703 /* Mister X */;
			targetProxy = 84D5E4671FB33FA700A3D703 /* PBXContainerItemProxy */;
		};
		84D5E4731FB33FA700A3D703 /* PBXTargetDependency */ = {
			isa = PBXTargetDependency;
			target = 84D5E4511FB33FA700A3D703 /* Mister X */;
			targetProxy = 84D5E4721FB33FA700A3D703 /* PBXContainerItemProxy */;
		};
/* End PBXTargetDependency section */

/* Begin XCBuildConfiguration section */
		84D5E4781FB33FA700A3D703 /* Debug */ = {
			isa = XCBuildConfiguration;
			buildSettings = {
				ALWAYS_SEARCH_USER_PATHS = NO;
				CLANG_ANALYZER_NONNULL = YES;
				CLANG_ANALYZER_NUMBER_OBJECT_CONVERSION = YES_AGGRESSIVE;
				CLANG_CXX_LANGUAGE_STANDARD = "gnu++14";
				CLANG_CXX_LIBRARY = "libc++";
				CLANG_ENABLE_MODULES = YES;
				CLANG_ENABLE_OBJC_ARC = YES;
				CLANG_WARN_BLOCK_CAPTURE_AUTORELEASING = YES;
				CLANG_WARN_BOOL_CONVERSION = YES;
				CLANG_WARN_COMMA = YES;
				CLANG_WARN_CONSTANT_CONVERSION = YES;
				CLANG_WARN_DIRECT_OBJC_ISA_USAGE = YES_ERROR;
				CLANG_WARN_DOCUMENTATION_COMMENTS = YES;
				CLANG_WARN_EMPTY_BODY = YES;
				CLANG_WARN_ENUM_CONVERSION = YES;
				CLANG_WARN_INFINITE_RECURSION = YES;
				CLANG_WARN_INT_CONVERSION = YES;
				CLANG_WARN_NON_LITERAL_NULL_CONVERSION = YES;
				CLANG_WARN_OBJC_LITERAL_CONVERSION = YES;
				CLANG_WARN_OBJC_ROOT_CLASS = YES_ERROR;
				CLANG_WARN_RANGE_LOOP_ANALYSIS = YES;
				CLANG_WARN_STRICT_PROTOTYPES = YES;
				CLANG_WARN_SUSPICIOUS_MOVE = YES;
				CLANG_WARN_UNGUARDED_AVAILABILITY = YES_AGGRESSIVE;
				CLANG_WARN_UNREACHABLE_CODE = YES;
				CLANG_WARN__DUPLICATE_METHOD_MATCH = YES;
				CODE_SIGN_IDENTITY = "iPhone Developer";
				COPY_PHASE_STRIP = NO;
				DEBUG_INFORMATION_FORMAT = dwarf;
				ENABLE_STRICT_OBJC_MSGSEND = YES;
				ENABLE_TESTABILITY = YES;
				GCC_C_LANGUAGE_STANDARD = gnu11;
				GCC_DYNAMIC_NO_PIC = NO;
				GCC_NO_COMMON_BLOCKS = YES;
				GCC_OPTIMIZATION_LEVEL = 0;
				GCC_PREPROCESSOR_DEFINITIONS = (
					"DEBUG=1",
					"$(inherited)",
				);
				GCC_WARN_64_TO_32_BIT_CONVERSION = YES;
				GCC_WARN_ABOUT_RETURN_TYPE = YES_ERROR;
				GCC_WARN_UNDECLARED_SELECTOR = YES;
				GCC_WARN_UNINITIALIZED_AUTOS = YES_AGGRESSIVE;
				GCC_WARN_UNUSED_FUNCTION = YES;
				GCC_WARN_UNUSED_VARIABLE = YES;
				IPHONEOS_DEPLOYMENT_TARGET = 11.0;
				MTL_ENABLE_DEBUG_INFO = YES;
				ONLY_ACTIVE_ARCH = YES;
				SDKROOT = iphoneos;
				SWIFT_ACTIVE_COMPILATION_CONDITIONS = DEBUG;
				SWIFT_OPTIMIZATION_LEVEL = "-Onone";
			};
			name = Debug;
		};
		84D5E4791FB33FA700A3D703 /* Release */ = {
			isa = XCBuildConfiguration;
			buildSettings = {
				ALWAYS_SEARCH_USER_PATHS = NO;
				CLANG_ANALYZER_NONNULL = YES;
				CLANG_ANALYZER_NUMBER_OBJECT_CONVERSION = YES_AGGRESSIVE;
				CLANG_CXX_LANGUAGE_STANDARD = "gnu++14";
				CLANG_CXX_LIBRARY = "libc++";
				CLANG_ENABLE_MODULES = YES;
				CLANG_ENABLE_OBJC_ARC = YES;
				CLANG_WARN_BLOCK_CAPTURE_AUTORELEASING = YES;
				CLANG_WARN_BOOL_CONVERSION = YES;
				CLANG_WARN_COMMA = YES;
				CLANG_WARN_CONSTANT_CONVERSION = YES;
				CLANG_WARN_DIRECT_OBJC_ISA_USAGE = YES_ERROR;
				CLANG_WARN_DOCUMENTATION_COMMENTS = YES;
				CLANG_WARN_EMPTY_BODY = YES;
				CLANG_WARN_ENUM_CONVERSION = YES;
				CLANG_WARN_INFINITE_RECURSION = YES;
				CLANG_WARN_INT_CONVERSION = YES;
				CLANG_WARN_NON_LITERAL_NULL_CONVERSION = YES;
				CLANG_WARN_OBJC_LITERAL_CONVERSION = YES;
				CLANG_WARN_OBJC_ROOT_CLASS = YES_ERROR;
				CLANG_WARN_RANGE_LOOP_ANALYSIS = YES;
				CLANG_WARN_STRICT_PROTOTYPES = YES;
				CLANG_WARN_SUSPICIOUS_MOVE = YES;
				CLANG_WARN_UNGUARDED_AVAILABILITY = YES_AGGRESSIVE;
				CLANG_WARN_UNREACHABLE_CODE = YES;
				CLANG_WARN__DUPLICATE_METHOD_MATCH = YES;
				CODE_SIGN_IDENTITY = "iPhone Developer";
				COPY_PHASE_STRIP = NO;
				DEBUG_INFORMATION_FORMAT = "dwarf-with-dsym";
				ENABLE_NS_ASSERTIONS = NO;
				ENABLE_STRICT_OBJC_MSGSEND = YES;
				GCC_C_LANGUAGE_STANDARD = gnu11;
				GCC_NO_COMMON_BLOCKS = YES;
				GCC_WARN_64_TO_32_BIT_CONVERSION = YES;
				GCC_WARN_ABOUT_RETURN_TYPE = YES_ERROR;
				GCC_WARN_UNDECLARED_SELECTOR = YES;
				GCC_WARN_UNINITIALIZED_AUTOS = YES_AGGRESSIVE;
				GCC_WARN_UNUSED_FUNCTION = YES;
				GCC_WARN_UNUSED_VARIABLE = YES;
				IPHONEOS_DEPLOYMENT_TARGET = 11.0;
				MTL_ENABLE_DEBUG_INFO = NO;
				SDKROOT = iphoneos;
				SWIFT_OPTIMIZATION_LEVEL = "-Owholemodule";
				VALIDATE_PRODUCT = YES;
			};
			name = Release;
		};
		84D5E47B1FB33FA700A3D703 /* Debug */ = {
			isa = XCBuildConfiguration;
			baseConfigurationReference = 7C6736684FB84CD1A97ACB82 /* Pods-Mister X.debug.xcconfig */;
			buildSettings = {
				ASSETCATALOG_COMPILER_APPICON_NAME = AppIcon;
				CLANG_ENABLE_MODULES = YES;
				CODE_SIGN_STYLE = Automatic;
				DEVELOPMENT_TEAM = 7F4D3666Y3;
				INFOPLIST_FILE = "Mister X/Info.plist";
				IPHONEOS_DEPLOYMENT_TARGET = 10.3;
				LD_RUNPATH_SEARCH_PATHS = "$(inherited) @executable_path/Frameworks";
				PRODUCT_BUNDLE_IDENTIFIER = "de.misterX-felix";
				PRODUCT_NAME = "$(TARGET_NAME)";
				SWIFT_OPTIMIZATION_LEVEL = "-Onone";
				SWIFT_VERSION = 4.0;
				TARGETED_DEVICE_FAMILY = 1;
			};
			name = Debug;
		};
		84D5E47C1FB33FA700A3D703 /* Release */ = {
			isa = XCBuildConfiguration;
			baseConfigurationReference = 6B4C56D8EDF2CEF1B6259607 /* Pods-Mister X.release.xcconfig */;
			buildSettings = {
				ASSETCATALOG_COMPILER_APPICON_NAME = AppIcon;
				CLANG_ENABLE_MODULES = YES;
				CODE_SIGN_STYLE = Automatic;
				DEVELOPMENT_TEAM = 7F4D3666Y3;
				INFOPLIST_FILE = "Mister X/Info.plist";
				IPHONEOS_DEPLOYMENT_TARGET = 10.3;
				LD_RUNPATH_SEARCH_PATHS = "$(inherited) @executable_path/Frameworks";
				PRODUCT_BUNDLE_IDENTIFIER = "de.misterX-felix";
				PRODUCT_NAME = "$(TARGET_NAME)";
				SWIFT_VERSION = 4.0;
				TARGETED_DEVICE_FAMILY = 1;
			};
			name = Release;
		};
		84D5E47E1FB33FA700A3D703 /* Debug */ = {
			isa = XCBuildConfiguration;
			baseConfigurationReference = FFA331BA03EAD5FEFDD76A7A /* Pods-Mister XTests.debug.xcconfig */;
			buildSettings = {
				ALWAYS_EMBED_SWIFT_STANDARD_LIBRARIES = YES;
				BUNDLE_LOADER = "$(TEST_HOST)";
				CODE_SIGN_STYLE = Automatic;
				INFOPLIST_FILE = "Mister XTests/Info.plist";
				LD_RUNPATH_SEARCH_PATHS = "$(inherited) @executable_path/Frameworks @loader_path/Frameworks";
				PRODUCT_BUNDLE_IDENTIFIER = "de.praktikum.Mister-XTests";
				PRODUCT_NAME = "$(TARGET_NAME)";
				SWIFT_VERSION = 4.0;
				TARGETED_DEVICE_FAMILY = "1,2";
				TEST_HOST = "$(BUILT_PRODUCTS_DIR)/Mister X.app/Mister X";
			};
			name = Debug;
		};
		84D5E47F1FB33FA700A3D703 /* Release */ = {
			isa = XCBuildConfiguration;
			baseConfigurationReference = 099C1869F3A15167CBF61788 /* Pods-Mister XTests.release.xcconfig */;
			buildSettings = {
				ALWAYS_EMBED_SWIFT_STANDARD_LIBRARIES = YES;
				BUNDLE_LOADER = "$(TEST_HOST)";
				CODE_SIGN_STYLE = Automatic;
				INFOPLIST_FILE = "Mister XTests/Info.plist";
				LD_RUNPATH_SEARCH_PATHS = "$(inherited) @executable_path/Frameworks @loader_path/Frameworks";
				PRODUCT_BUNDLE_IDENTIFIER = "de.praktikum.Mister-XTests";
				PRODUCT_NAME = "$(TARGET_NAME)";
				SWIFT_VERSION = 4.0;
				TARGETED_DEVICE_FAMILY = "1,2";
				TEST_HOST = "$(BUILT_PRODUCTS_DIR)/Mister X.app/Mister X";
			};
			name = Release;
		};
		84D5E4811FB33FA700A3D703 /* Debug */ = {
			isa = XCBuildConfiguration;
			baseConfigurationReference = FD7F065841B36AD7D30A2061 /* Pods-Mister XUITests.debug.xcconfig */;
			buildSettings = {
				ALWAYS_EMBED_SWIFT_STANDARD_LIBRARIES = YES;
				CODE_SIGN_STYLE = Automatic;
				INFOPLIST_FILE = "Mister XUITests/Info.plist";
				LD_RUNPATH_SEARCH_PATHS = "$(inherited) @executable_path/Frameworks @loader_path/Frameworks";
				PRODUCT_BUNDLE_IDENTIFIER = "de.praktikum.Mister-XUITests";
				PRODUCT_NAME = "$(TARGET_NAME)";
				SWIFT_VERSION = 4.0;
				TARGETED_DEVICE_FAMILY = "1,2";
				TEST_TARGET_NAME = "Mister X";
			};
			name = Debug;
		};
		84D5E4821FB33FA700A3D703 /* Release */ = {
			isa = XCBuildConfiguration;
			baseConfigurationReference = AC8F726F846C8AE3BBC277D7 /* Pods-Mister XUITests.release.xcconfig */;
			buildSettings = {
				ALWAYS_EMBED_SWIFT_STANDARD_LIBRARIES = YES;
				CODE_SIGN_STYLE = Automatic;
				INFOPLIST_FILE = "Mister XUITests/Info.plist";
				LD_RUNPATH_SEARCH_PATHS = "$(inherited) @executable_path/Frameworks @loader_path/Frameworks";
				PRODUCT_BUNDLE_IDENTIFIER = "de.praktikum.Mister-XUITests";
				PRODUCT_NAME = "$(TARGET_NAME)";
				SWIFT_VERSION = 4.0;
				TARGETED_DEVICE_FAMILY = "1,2";
				TEST_TARGET_NAME = "Mister X";
			};
			name = Release;
		};
/* End XCBuildConfiguration section */

/* Begin XCConfigurationList section */
		84D5E44D1FB33FA700A3D703 /* Build configuration list for PBXProject "Mister X" */ = {
			isa = XCConfigurationList;
			buildConfigurations = (
				84D5E4781FB33FA700A3D703 /* Debug */,
				84D5E4791FB33FA700A3D703 /* Release */,
			);
			defaultConfigurationIsVisible = 0;
			defaultConfigurationName = Release;
		};
		84D5E47A1FB33FA700A3D703 /* Build configuration list for PBXNativeTarget "Mister X" */ = {
			isa = XCConfigurationList;
			buildConfigurations = (
				84D5E47B1FB33FA700A3D703 /* Debug */,
				84D5E47C1FB33FA700A3D703 /* Release */,
			);
			defaultConfigurationIsVisible = 0;
			defaultConfigurationName = Release;
		};
		84D5E47D1FB33FA700A3D703 /* Build configuration list for PBXNativeTarget "Mister XTests" */ = {
			isa = XCConfigurationList;
			buildConfigurations = (
				84D5E47E1FB33FA700A3D703 /* Debug */,
				84D5E47F1FB33FA700A3D703 /* Release */,
			);
			defaultConfigurationIsVisible = 0;
			defaultConfigurationName = Release;
		};
		84D5E4801FB33FA700A3D703 /* Build configuration list for PBXNativeTarget "Mister XUITests" */ = {
			isa = XCConfigurationList;
			buildConfigurations = (
				84D5E4811FB33FA700A3D703 /* Debug */,
				84D5E4821FB33FA700A3D703 /* Release */,
			);
			defaultConfigurationIsVisible = 0;
			defaultConfigurationName = Release;
		};
/* End XCConfigurationList section */
	};
	rootObject = 84D5E44A1FB33FA700A3D703 /* Project object */;
}
